
Microsoft Visual Studio Solution File, Format Version 12.00
# Visual Studio 14
VisualStudioVersion = 14.0.25123.0
MinimumVisualStudioVersion = 10.0.40219.1
Project("{9092AA53-FB77-4645-B42D-1CCCA6BD08BD}") = "stylelint-loader", "stylelint-loader.njsproj", "{A69F6C64-4642-4EE7-8137-DB3EAD8CCB2B}"
EndProject
Global
	GlobalSection(SolutionConfigurationPlatforms) = preSolution
		Debug|Any CPU = Debug|Any CPU
		Release|Any CPU = Release|Any CPU
	EndGlobalSection
	GlobalSection(ProjectConfigurationPlatforms) = postSolution
		{A69F6C64-4642-4EE7-8137-DB3EAD8CCB2B}.Debug|Any CPU.ActiveCfg = Debug|Any CPU
		{A69F6C64-4642-4EE7-8137-DB3EAD8CCB2B}.Debug|Any CPU.Build.0 = Debug|Any CPU
		{A69F6C64-4642-4EE7-8137-DB3EAD8CCB2B}.Release|Any CPU.ActiveCfg = Release|Any CPU
		{A69F6C64-4642-4EE7-8137-DB3EAD8CCB2B}.Release|Any CPU.Build.0 = Release|Any CPU
	EndGlobalSection
	GlobalSection(SolutionProperties) = preSolution
		HideSolutionNode = FALSE
	EndGlobalSection
EndGlobal
